{
  "name": "shadowtester",
  "version": "1.0.0",
  "lockfileVersion": 1,
  "requires": true,
  "dependencies": {
    "shadowizardjjjjjjfffff": {
      "version": "1.0.0",
      "resolved": "https://registry.npmjs.org/shadowizardjjjjjjfffff/-/shadowizardjjjjjjfffff-1.0.0.tgz",
      "integrity": "sha512-EVBqeZMGdbmNujgxNptdq7qX+G9ephQ66sPmSjupw7bb3k0sEZhhx0/EeefBcd+gt2/c3/al6ryTtnXOZenMzg=="
    },
    "shadowizardry": {
      "version": "1.0.0",
      "resolved": "https://registry.npmjs.org/shadowizardry/-/shadowizardry-1.0.0.tgz",
      "integrity": "sha512-Fh7hyNgYok0iejEf0Sc3kRyB7nHgK0pzuzmJkCj0+dO5Sjvz6US73bW1Bkzm3NRJbcQ3qb2xp3SL6rAcE5NtXw=="
    }
  }
}
